// !$*UTF8*$!
{
	archiveVersion = 1;
	classes = {
	};
	objectVersion = 48;
	objects = {

/* Begin PBXBuildFile section */
		67529B4FF972B1FAE2B04B7F /* Pods_iTunes_API_ios.framework in Frameworks */ = {isa = PBXBuildFile; fileRef = 0169923959E2127FC0EEA249 /* Pods_iTunes_API_ios.framework */; };
		9A568E722018096E0039CD38 /* AppDelegate.swift in Sources */ = {isa = PBXBuildFile; fileRef = 9A568E712018096E0039CD38 /* AppDelegate.swift */; };
		9A568E742018096E0039CD38 /* ViewController.swift in Sources */ = {isa = PBXBuildFile; fileRef = 9A568E732018096E0039CD38 /* ViewController.swift */; };
		9A568E772018096E0039CD38 /* Main.storyboard in Resources */ = {isa = PBXBuildFile; fileRef = 9A568E752018096E0039CD38 /* Main.storyboard */; };
		9A568E792018096E0039CD38 /* Assets.xcassets in Resources */ = {isa = PBXBuildFile; fileRef = 9A568E782018096E0039CD38 /* Assets.xcassets */; };
		9A568E7C2018096E0039CD38 /* LaunchScreen.storyboard in Resources */ = {isa = PBXBuildFile; fileRef = 9A568E7A2018096E0039CD38 /* LaunchScreen.storyboard */; };
		9A568E8420180BFD0039CD38 /* TableViewCell.swift in Sources */ = {isa = PBXBuildFile; fileRef = 9A568E8320180BFD0039CD38 /* TableViewCell.swift */; };
		9A568E8720180E4A0039CD38 /* Api.swift in Sources */ = {isa = PBXBuildFile; fileRef = 9A568E8620180E4A0039CD38 /* Api.swift */; };
/* End PBXBuildFile section */

/* Begin PBXFileReference section */
		0169923959E2127FC0EEA249 /* Pods_iTunes_API_ios.framework */ = {isa = PBXFileReference; explicitFileType = wrapper.framework; includeInIndex = 0; path = Pods_iTunes_API_ios.framework; sourceTree = BUILT_PRODUCTS_DIR; };
		42B79D8B717ED890D1B9B177 /* Pods-iTunes-API-ios.debug.xcconfig */ = {isa = PBXFileReference; includeInIndex = 1; lastKnownFileType = text.xcconfig; name = "Pods-iTunes-API-ios.debug.xcconfig"; path = "Pods/Target Support Files/Pods-iTunes-API-ios/Pods-iTunes-API-ios.debug.xcconfig"; sourceTree = "<group>"; };
		8F3126F6711FD251B9882E00 /* Pods-iTunes-API-ios.release.xcconfig */ = {isa = PBXFileReference; includeInIndex = 1; lastKnownFileType = text.xcconfig; name = "Pods-iTunes-API-ios.release.xcconfig"; path = "Pods/Target Support Files/Pods-iTunes-API-ios/Pods-iTunes-API-ios.release.xcconfig"; sourceTree = "<group>"; };
		9A568E6E2018096E0039CD38 /* iTunes-API-ios.app */ = {isa = PBXFileReference; explicitFileType = wrapper.application; includeInIndex = 0; path = "iTunes-API-ios.app"; sourceTree = BUILT_PRODUCTS_DIR; };
		9A568E712018096E0039CD38 /* AppDelegate.swift */ = {isa = PBXFileReference; lastKnownFileType = sourcecode.swift; path = AppDelegate.swift; sourceTree = "<group>"; };
		9A568E732018096E0039CD38 /* ViewController.swift */ = {isa = PBXFileReference; lastKnownFileType = sourcecode.swift; path = ViewController.swift; sourceTree = "<group>"; };
		9A568E762018096E0039CD38 /* Base */ = {isa = PBXFileReference; lastKnownFileType = file.storyboard; name = Base; path = Base.lproj/Main.storyboard; sourceTree = "<group>"; };
		9A568E782018096E0039CD38 /* Assets.xcassets */ = {isa = PBXFileReference; lastKnownFileType = folder.assetcatalog; path = Assets.xcassets; sourceTree = "<group>"; };
		9A568E7B2018096E0039CD38 /* Base */ = {isa = PBXFileReference; lastKnownFileType = file.storyboard; name = Base; path = Base.lproj/LaunchScreen.storyboard; sourceTree = "<group>"; };
		9A568E7D2018096E0039CD38 /* Info.plist */ = {isa = PBXFileReference; lastKnownFileType = text.plist.xml; path = Info.plist; sourceTree = "<group>"; };
		9A568E8320180BFD0039CD38 /* TableViewCell.swift */ = {isa = PBXFileReference; lastKnownFileType = sourcecode.swift; path = TableViewCell.swift; sourceTree = "<group>"; };
		9A568E8620180E4A0039CD38 /* Api.swift */ = {isa = PBXFileReference; lastKnownFileType = sourcecode.swift; path = Api.swift; sourceTree = "<group>"; };
/* End PBXFileReference section */

/* Begin PBXFrameworksBuildPhase section */
		9A568E6B2018096E0039CD38 /* Frameworks */ = {
			isa = PBXFrameworksBuildPhase;
			buildActionMask = 2147483647;
			files = (
				67529B4FF972B1FAE2B04B7F /* Pods_iTunes_API_ios.framework in Frameworks */,
			);
			runOnlyForDeploymentPostprocessing = 0;
		};
/* End PBXFrameworksBuildPhase section */

/* Begin PBXGroup section */
		774504FAC9A3CA6A2B3F9A7C /* Pods */ = {
			isa = PBXGroup;
			children = (
				42B79D8B717ED890D1B9B177 /* Pods-iTunes-API-ios.debug.xcconfig */,
				8F3126F6711FD251B9882E00 /* Pods-iTunes-API-ios.release.xcconfig */,
			);
			name = Pods;
			sourceTree = "<group>";
		};
		9897C62ED2CCA3501B1C32D9 /* Frameworks */ = {
			isa = PBXGroup;
			children = (
				0169923959E2127FC0EEA249 /* Pods_iTunes_API_ios.framework */,
			);
			name = Frameworks;
			sourceTree = "<group>";
		};
		9A568E652018096E0039CD38 = {
			isa = PBXGroup;
			children = (
				9A568E702018096E0039CD38 /* iTunes-API-ios */,
				9A568E6F2018096E0039CD38 /* Products */,
				774504FAC9A3CA6A2B3F9A7C /* Pods */,
				9897C62ED2CCA3501B1C32D9 /* Frameworks */,
			);
			sourceTree = "<group>";
		};
		9A568E6F2018096E0039CD38 /* Products */ = {
			isa = PBXGroup;
			children = (
				9A568E6E2018096E0039CD38 /* iTunes-API-ios.app */,
			);
			name = Products;
			sourceTree = "<group>";
		};
		9A568E702018096E0039CD38 /* iTunes-API-ios */ = {
			isa = PBXGroup;
			children = (
				9A568E8520180E3F0039CD38 /* Api */,
				9A568E712018096E0039CD38 /* AppDelegate.swift */,
				9A568E732018096E0039CD38 /* ViewController.swift */,
				9A568E752018096E0039CD38 /* Main.storyboard */,
				9A568E782018096E0039CD38 /* Assets.xcassets */,
				9A568E7A2018096E0039CD38 /* LaunchScreen.storyboard */,
				9A568E7D2018096E0039CD38 /* Info.plist */,
				9A568E8320180BFD0039CD38 /* TableViewCell.swift */,
			);
			path = "iTunes-API-ios";
			sourceTree = "<group>";
		};
		9A568E8520180E3F0039CD38 /* Api */ = {
			isa = PBXGroup;
			children = (
				9A568E8620180E4A0039CD38 /* Api.swift */,
			);
			path = Api;
			sourceTree = "<group>";
		};
/* End PBXGroup section */

/* Begin PBXNativeTarget section */
		9A568E6D2018096E0039CD38 /* iTunes-API-ios */ = {
			isa = PBXNativeTarget;
			buildConfigurationList = 9A568E802018096E0039CD38 /* Build configuration list for PBXNativeTarget "iTunes-API-ios" */;
			buildPhases = (
				9DA6FE5242B196F66AA36BEF /* [CP] Check Pods Manifest.lock */,
				9A568E6A2018096E0039CD38 /* Sources */,
				9A568E6B2018096E0039CD38 /* Frameworks */,
				9A568E6C2018096E0039CD38 /* Resources */,
				BB6972C748B5A6680F6A09FF /* [CP] Embed Pods Frameworks */,
				702C69D227A73B165088C73B /* [CP] Copy Pods Resources */,
			);
			buildRules = (
			);
			dependencies = (
			);
			name = "iTunes-API-ios";
			productName = "iTunes-API-ios";
			productReference = 9A568E6E2018096E0039CD38 /* iTunes-API-ios.app */;
			productType = "com.apple.product-type.application";
		};
/* End PBXNativeTarget section */

/* Begin PBXProject section */
		9A568E662018096E0039CD38 /* Project object */ = {
			isa = PBXProject;
			attributes = {
				LastSwiftUpdateCheck = 0920;
				LastUpgradeCheck = 0920;
				ORGANIZATIONNAME = konojunya;
				TargetAttributes = {
					9A568E6D2018096E0039CD38 = {
						CreatedOnToolsVersion = 9.2;
						ProvisioningStyle = Automatic;
					};
				};
			};
			buildConfigurationList = 9A568E692018096E0039CD38 /* Build configuration list for PBXProject "iTunes-API-ios" */;
			compatibilityVersion = "Xcode 8.0";
			developmentRegion = en;
			hasScannedForEncodings = 0;
			knownRegions = (
				en,
				Base,
			);
			mainGroup = 9A568E652018096E0039CD38;
			productRefGroup = 9A568E6F2018096E0039CD38 /* Products */;
			projectDirPath = "";
			projectRoot = "";
			targets = (
				9A568E6D2018096E0039CD38 /* iTunes-API-ios */,
			);
		};
/* End PBXProject section */

/* Begin PBXResourcesBuildPhase section */
		9A568E6C2018096E0039CD38 /* Resources */ = {
			isa = PBXResourcesBuildPhase;
			buildActionMask = 2147483647;
			files = (
				9A568E7C2018096E0039CD38 /* LaunchScreen.storyboard in Resources */,
				9A568E792018096E0039CD38 /* Assets.xcassets in Resources */,
				9A568E772018096E0039CD38 /* Main.storyboard in Resources */,
			);
			runOnlyForDeploymentPostprocessing = 0;
		};
/* End PBXResourcesBuildPhase section */

/* Begin PBXShellScriptBuildPhase section */
		702C69D227A73B165088C73B /* [CP] Copy Pods Resources */ = {
			isa = PBXShellScriptBuildPhase;
			buildActionMask = 2147483647;
			files = (
			);
			inputPaths = (
			);
			name = "[CP] Copy Pods Resources";
			outputPaths = (
			);
			runOnlyForDeploymentPostprocessing = 0;
			shellPath = /bin/sh;
			shellScript = "\"${SRCROOT}/Pods/Target Support Files/Pods-iTunes-API-ios/Pods-iTunes-API-ios-resources.sh\"\n";
			showEnvVarsInLog = 0;
		};
		9DA6FE5242B196F66AA36BEF /* [CP] Check Pods Manifest.lock */ = {
			isa = PBXShellScriptBuildPhase;
			buildActionMask = 2147483647;
			files = (
			);
			inputPaths = (
			);
			name = "[CP] Check Pods Manifest.lock";
			outputPaths = (
			);
			runOnlyForDeploymentPostprocessing = 0;
			shellPath = /bin/sh;
			shellScript = "diff \"${PODS_PODFILE_DIR_PATH}/Podfile.lock\" \"${PODS_ROOT}/Manifest.lock\" > /dev/null\nif [ $? != 0 ] ; then\n    # print error to STDERR\n    echo \"error: The sandbox is not in sync with the Podfile.lock. Run 'pod install' or update your CocoaPods installation.\" >&2\n    exit 1\nfi\n";
			showEnvVarsInLog = 0;
		};
		BB6972C748B5A6680F6A09FF /* [CP] Embed Pods Frameworks */ = {
			isa = PBXShellScriptBuildPhase;
			buildActionMask = 2147483647;
			files = (
			);
			inputPaths = (
			);
			name = "[CP] Embed Pods Frameworks";
			outputPaths = (
			);
			runOnlyForDeploymentPostprocessing = 0;
			shellPath = /bin/sh;
			shellScript = "\"${SRCROOT}/Pods/Target Support Files/Pods-iTunes-API-ios/Pods-iTunes-API-ios-frameworks.sh\"\n";
			showEnvVarsInLog = 0;
		};
/* End PBXShellScriptBuildPhase section */

/* Begin PBXSourcesBuildPhase section */
		9A568E6A2018096E0039CD38 /* Sources */ = {
			isa = PBXSourcesBuildPhase;
			buildActionMask = 2147483647;
			files = (
				9A568E8420180BFD0039CD38 /* TableViewCell.swift in Sources */,
				9A568E742018096E0039CD38 /* ViewController.swift in Sources */,
				9A568E8720180E4A0039CD38 /* Api.swift in Sources */,
				9A568E722018096E0039CD38 /* AppDelegate.swift in Sources */,
			);
			runOnlyForDeploymentPostprocessing = 0;
		};
/* End PBXSourcesBuildPhase section */

/* Begin PBXVariantGroup section */
		9A568E752018096E0039CD38 /* Main.storyboard */ = {
			isa = PBXVariantGroup;
			children = (
				9A568E762018096E0039CD38 /* Base */,
			);
			name = Main.storyboard;
			sourceTree = "<group>";
		};
		9A568E7A2018096E0039CD38 /* LaunchScreen.storyboard */ = {
			isa = PBXVariantGroup;
			children = (
				9A568E7B2018096E0039CD38 /* Base */,
			);
			name = LaunchScreen.storyboard;
			sourceTree = "<group>";
		};
/* End PBXVariantGroup section */

/* Begin XCBuildConfiguration section */
		9A568E7E2018096E0039CD38 /* Debug */ = {
			isa = XCBuildConfiguration;
			buildSettings = {
				ALWAYS_SEARCH_USER_PATHS = NO;
				CLANG_ANALYZER_NONNULL = YES;
				CLANG_ANALYZER_NUMBER_OBJECT_CONVERSION = YES_AGGRESSIVE;
				CLANG_CXX_LANGUAGE_STANDARD = "gnu++14";
				CLANG_CXX_LIBRARY = "libc++";
				CLANG_ENABLE_MODULES = YES;
				CLANG_ENABLE_OBJC_ARC = YES;
				CLANG_WARN_BLOCK_CAPTURE_AUTORELEASING = YES;
				CLANG_WARN_BOOL_CONVERSION = YES;
				CLANG_WARN_COMMA = YES;
				CLANG_WARN_CONSTANT_CONVERSION = YES;
				CLANG_WARN_DIRECT_OBJC_ISA_USAGE = YES_ERROR;
				CLANG_WARN_DOCUMENTATION_COMMENTS = YES;
				CLANG_WARN_EMPTY_BODY = YES;
				CLANG_WARN_ENUM_CONVERSION = YES;
				CLANG_WARN_INFINITE_RECURSION = YES;
				CLANG_WARN_INT_CONVERSION = YES;
				CLANG_WARN_NON_LITERAL_NULL_CONVERSION = YES;
				CLANG_WARN_OBJC_LITERAL_CONVERSION = YES;
				CLANG_WARN_OBJC_ROOT_CLASS = YES_ERROR;
				CLANG_WARN_RANGE_LOOP_ANALYSIS = YES;
				CLANG_WARN_STRICT_PROTOTYPES = YES;
				CLANG_WARN_SUSPICIOUS_MOVE = YES;
				CLANG_WARN_UNGUARDED_AVAILABILITY = YES_AGGRESSIVE;
				CLANG_WARN_UNREACHABLE_CODE = YES;
				CLANG_WARN__DUPLICATE_METHOD_MATCH = YES;
				CODE_SIGN_IDENTITY = "iPhone Developer";
				COPY_PHASE_STRIP = NO;
				DEBUG_INFORMATION_FORMAT = dwarf;
				ENABLE_STRICT_OBJC_MSGSEND = YES;
				ENABLE_TESTABILITY = YES;
				GCC_C_LANGUAGE_STANDARD = gnu11;
				GCC_DYNAMIC_NO_PIC = NO;
				GCC_NO_COMMON_BLOCKS = YES;
				GCC_OPTIMIZATION_LEVEL = 0;
				GCC_PREPROCESSOR_DEFINITIONS = (
					"DEBUG=1",
					"$(inherited)",
				);
				GCC_WARN_64_TO_32_BIT_CONVERSION = YES;
				GCC_WARN_ABOUT_RETURN_TYPE = YES_ERROR;
				GCC_WARN_UNDECLARED_SELECTOR = YES;
				GCC_WARN_UNINITIALIZED_AUTOS = YES_AGGRESSIVE;
				GCC_WARN_UNUSED_FUNCTION = YES;
				GCC_WARN_UNUSED_VARIABLE = YES;
				IPHONEOS_DEPLOYMENT_TARGET = 11.2;
				MTL_ENABLE_DEBUG_INFO = YES;
				ONLY_ACTIVE_ARCH = YES;
				SDKROOT = iphoneos;
				SWIFT_ACTIVE_COMPILATION_CONDITIONS = DEBUG;
				SWIFT_OPTIMIZATION_LEVEL = "-Onone";
			};
			name = Debug;
		};
		9A568E7F2018096E0039CD38 /* Release */ = {
			isa = XCBuildConfiguration;
			buildSettings = {
				ALWAYS_SEARCH_USER_PATHS = NO;
				CLANG_ANALYZER_NONNULL = YES;
				CLANG_ANALYZER_NUMBER_OBJECT_CONVERSION = YES_AGGRESSIVE;
				CLANG_CXX_LANGUAGE_STANDARD = "gnu++14";
				CLANG_CXX_LIBRARY = "libc++";
				CLANG_ENABLE_MODULES = YES;
				CLANG_ENABLE_OBJC_ARC = YES;
				CLANG_WARN_BLOCK_CAPTURE_AUTORELEASING = YES;
				CLANG_WARN_BOOL_CONVERSION = YES;
				CLANG_WARN_COMMA = YES;
				CLANG_WARN_CONSTANT_CONVERSION = YES;
				CLANG_WARN_DIRECT_OBJC_ISA_USAGE = YES_ERROR;
				CLANG_WARN_DOCUMENTATION_COMMENTS = YES;
				CLANG_WARN_EMPTY_BODY = YES;
				CLANG_WARN_ENUM_CONVERSION = YES;
				CLANG_WARN_INFINITE_RECURSION = YES;
				CLANG_WARN_INT_CONVERSION = YES;
				CLANG_WARN_NON_LITERAL_NULL_CONVERSION = YES;
				CLANG_WARN_OBJC_LITERAL_CONVERSION = YES;
				CLANG_WARN_OBJC_ROOT_CLASS = YES_ERROR;
				CLANG_WARN_RANGE_LOOP_ANALYSIS = YES;
				CLANG_WARN_STRICT_PROTOTYPES = YES;
				CLANG_WARN_SUSPICIOUS_MOVE = YES;
				CLANG_WARN_UNGUARDED_AVAILABILITY = YES_AGGRESSIVE;
				CLANG_WARN_UNREACHABLE_CODE = YES;
				CLANG_WARN__DUPLICATE_METHOD_MATCH = YES;
				CODE_SIGN_IDENTITY = "iPhone Developer";
				COPY_PHASE_STRIP = NO;
				DEBUG_INFORMATION_FORMAT = "dwarf-with-dsym";
				ENABLE_NS_ASSERTIONS = NO;
				ENABLE_STRICT_OBJC_MSGSEND = YES;
				GCC_C_LANGUAGE_STANDARD = gnu11;
				GCC_NO_COMMON_BLOCKS = YES;
				GCC_WARN_64_TO_32_BIT_CONVERSION = YES;
				GCC_WARN_ABOUT_RETURN_TYPE = YES_ERROR;
				GCC_WARN_UNDECLARED_SELECTOR = YES;
				GCC_WARN_UNINITIALIZED_AUTOS = YES_AGGRESSIVE;
				GCC_WARN_UNUSED_FUNCTION = YES;
				GCC_WARN_UNUSED_VARIABLE = YES;
				IPHONEOS_DEPLOYMENT_TARGET = 11.2;
				MTL_ENABLE_DEBUG_INFO = NO;
				SDKROOT = iphoneos;
				SWIFT_OPTIMIZATION_LEVEL = "-Owholemodule";
				VALIDATE_PRODUCT = YES;
			};
			name = Release;
		};
		9A568E812018096E0039CD38 /* Debug */ = {
			isa = XCBuildConfiguration;
			baseConfigurationReference = 42B79D8B717ED890D1B9B177 /* Pods-iTunes-API-ios.debug.xcconfig */;
			buildSettings = {
				ASSETCATALOG_COMPILER_APPICON_NAME = AppIcon;
				CODE_SIGN_STYLE = Automatic;
				DEVELOPMENT_TEAM = RH75B2UCHQ;
				INFOPLIST_FILE = "iTunes-API-ios/Info.plist";
				LD_RUNPATH_SEARCH_PATHS = "$(inherited) @executable_path/Frameworks";
				PRODUCT_BUNDLE_IDENTIFIER = "konojunya.iTunes-API-ios";
				PRODUCT_NAME = "$(TARGET_NAME)";
				SWIFT_VERSION = 4.0;
				TARGETED_DEVICE_FAMILY = "1,2";
			};
			name = Debug;
		};
		9A568E822018096E0039CD38 /* Release */ = {
			isa = XCBuildConfiguration;
			baseConfigurationReference = 8F3126F6711FD251B9882E00 /* Pods-iTunes-API-ios.release.xcconfig */;
			buildSettings = {
				ASSETCATALOG_COMPILER_APPICON_NAME = AppIcon;
				CODE_SIGN_STYLE = Automatic;
				DEVELOPMENT_TEAM = RH75B2UCHQ;
				INFOPLIST_FILE = "iTunes-API-ios/Info.plist";
				LD_RUNPATH_SEARCH_PATHS = "$(inherited) @executable_path/Frameworks";
				PRODUCT_BUNDLE_IDENTIFIER = "konojunya.iTunes-API-ios";
				PRODUCT_NAME = "$(TARGET_NAME)";
				SWIFT_VERSION = 4.0;
				TARGETED_DEVICE_FAMILY = "1,2";
			};
			name = Release;
		};
/* End XCBuildConfiguration section */

/* Begin XCConfigurationList section */
		9A568E692018096E0039CD38 /* Build configuration list for PBXProject "iTunes-API-ios" */ = {
			isa = XCConfigurationList;
			buildConfigurations = (
				9A568E7E2018096E0039CD38 /* Debug */,
				9A568E7F2018096E0039CD38 /* Release */,
			);
			defaultConfigurationIsVisible = 0;
			defaultConfigurationName = Release;
		};
		9A568E802018096E0039CD38 /* Build configuration list for PBXNativeTarget "iTunes-API-ios" */ = {
			isa = XCConfigurationList;
			buildConfigurations = (
				9A568E812018096E0039CD38 /* Debug */,
				9A568E822018096E0039CD38 /* Release */,
			);
			defaultConfigurationIsVisible = 0;
			defaultConfigurationName = Release;
		};
/* End XCConfigurationList section */
	};
	rootObject = 9A568E662018096E0039CD38 /* Project object */;
}
